
Microsoft Visual Studio Solution File, Format Version 12.00
# Visual Studio Version 16
VisualStudioVersion = 16.0.30104.148
MinimumVisualStudioVersion = 10.0.40219.1
Project("{FAE04EC0-301F-11D3-BF4B-00C04F79EFBC}") = "MyCastle", "MyCastle\MyCastle.csproj", "{4AD4823F-5F36-44E9-9E2B-CCBBF72E6731}"
EndProject
Project("{2150E333-8FDC-42A3-9474-1A3956D46DE8}") = "Solution Items", "Solution Items", "{0C6E2A06-9290-4C2D-89BA-A1FE075E867B}"
	ProjectSection(SolutionItems) = preProject
		.editorconfig = .editorconfig
	EndProjectSection
EndProject
Global
	GlobalSection(SolutionConfigurationPlatforms) = preSolution
		Debug|Any CPU = Debug|Any CPU
		Release|Any CPU = Release|Any CPU
	EndGlobalSection
	GlobalSection(ProjectConfigurationPlatforms) = postSolution
		{4AD4823F-5F36-44E9-9E2B-CCBBF72E6731}.Debug|Any CPU.ActiveCfg = Debug|Any CPU
		{4AD4823F-5F36-44E9-9E2B-CCBBF72E6731}.Debug|Any CPU.Build.0 = Debug|Any CPU
		{4AD4823F-5F36-44E9-9E2B-CCBBF72E6731}.Release|Any CPU.ActiveCfg = Release|Any CPU
		{4AD4823F-5F36-44E9-9E2B-CCBBF72E6731}.Release|Any CPU.Build.0 = Release|Any CPU
	EndGlobalSection
	GlobalSection(SolutionProperties) = preSolution
		HideSolutionNode = FALSE
	EndGlobalSection
	GlobalSection(ExtensibilityGlobals) = postSolution
		SolutionGuid = {DA495CDE-2EA8-411F-B11A-4B7DDCA9EE3D}
	EndGlobalSection
EndGlobal
